{
  "object": {
    "pins": [
      {
        "package": "KeychainSwift",
        "repositoryURL": "https://github.com/evgenyneu/keychain-swift",
        "state": {
          "branch": "master",
          "revision": "32a99b537d1c6f3529a08257c28a5feb70c0c5af",
          "version": null
        }
      },
      {
        "package": "Realm",
        "repositoryURL": "https://github.com/realm/realm-cocoa.git",
        "state": {
          "branch": "master",
          "revision": "8231964fc062eac51bc4c4957706deee18e51e54",
          "version": null
        }
      },
      {
        "package": "RealmDatabase",
        "repositoryURL": "https://github.com/realm/realm-core",
        "state": {
          "branch": null,
          "revision": "c3c11a841642ac93c27bd1edd61f989fc0bfb809",
          "version": "11.6.1"
        }
      }
    ]
  },
  "version": 1
}
